
Microsoft Visual Studio Solution File, Format Version 12.00
# Visual Studio Version 17
VisualStudioVersion = 17.1.31911.260
MinimumVisualStudioVersion = 10.0.40219.1
Project("{FAE04EC0-301F-11D3-BF4B-00C04F79EFBC}") = "Processor", "Processor\Processor.csproj", "{05B2C586-DF60-48D8-8D98-BEA4511C215A}"
EndProject
Project("{FAE04EC0-301F-11D3-BF4B-00C04F79EFBC}") = "Processor.UnitTests", "Processor.UnitTests\Processor.UnitTests.csproj", "{03744857-BA57-4E9C-B63A-A0642BF8CE50}"
EndProject
Global
	GlobalSection(SolutionConfigurationPlatforms) = preSolution
		Debug|Any CPU = Debug|Any CPU
		Release|Any CPU = Release|Any CPU
	EndGlobalSection
	GlobalSection(ProjectConfigurationPlatforms) = postSolution
		{05B2C586-DF60-48D8-8D98-BEA4511C215A}.Debug|Any CPU.ActiveCfg = Debug|Any CPU
		{05B2C586-DF60-48D8-8D98-BEA4511C215A}.Debug|Any CPU.Build.0 = Debug|Any CPU
		{05B2C586-DF60-48D8-8D98-BEA4511C215A}.Release|Any CPU.ActiveCfg = Release|Any CPU
		{05B2C586-DF60-48D8-8D98-BEA4511C215A}.Release|Any CPU.Build.0 = Release|Any CPU
		{03744857-BA57-4E9C-B63A-A0642BF8CE50}.Debug|Any CPU.ActiveCfg = Debug|Any CPU
		{03744857-BA57-4E9C-B63A-A0642BF8CE50}.Debug|Any CPU.Build.0 = Debug|Any CPU
		{03744857-BA57-4E9C-B63A-A0642BF8CE50}.Release|Any CPU.ActiveCfg = Release|Any CPU
		{03744857-BA57-4E9C-B63A-A0642BF8CE50}.Release|Any CPU.Build.0 = Release|Any CPU
	EndGlobalSection
	GlobalSection(SolutionProperties) = preSolution
		HideSolutionNode = FALSE
	EndGlobalSection
	GlobalSection(ExtensibilityGlobals) = postSolution
		SolutionGuid = {C7F7CDF9-E685-4767-A84D-8C681598A02F}
	EndGlobalSection
EndGlobal
